
Microsoft Visual Studio Solution File, Format Version 12.00
# Visual Studio Version 16
VisualStudioVersion = 16.0.31702.278
MinimumVisualStudioVersion = 10.0.40219.1
Project("{FAE04EC0-301F-11D3-BF4B-00C04F79EFBC}") = "DOCKERWEBAPI_PUBLISH", "DOCKERWEBAPI_PUBLISH.csproj", "{FFB02D63-47D8-43C3-A731-827690979D2D}"
EndProject
Global
	GlobalSection(SolutionConfigurationPlatforms) = preSolution
		Debug|Any CPU = Debug|Any CPU
		Release|Any CPU = Release|Any CPU
	EndGlobalSection
	GlobalSection(ProjectConfigurationPlatforms) = postSolution
		{FFB02D63-47D8-43C3-A731-827690979D2D}.Debug|Any CPU.ActiveCfg = Debug|Any CPU
		{FFB02D63-47D8-43C3-A731-827690979D2D}.Debug|Any CPU.Build.0 = Debug|Any CPU
		{FFB02D63-47D8-43C3-A731-827690979D2D}.Release|Any CPU.ActiveCfg = Release|Any CPU
		{FFB02D63-47D8-43C3-A731-827690979D2D}.Release|Any CPU.Build.0 = Release|Any CPU
	EndGlobalSection
	GlobalSection(SolutionProperties) = preSolution
		HideSolutionNode = FALSE
	EndGlobalSection
	GlobalSection(ExtensibilityGlobals) = postSolution
		SolutionGuid = {5F6D0C80-8381-4AF6-B4BC-22F6F000E845}
	EndGlobalSection
EndGlobal
